{
    "name": "richierich",
    "version": "7.32.0",
    "lockfileVersion": 2,
    "requires": true,
    "packages": {
        "": {
            "name": "richierich",
            "version": "7.32.0",
            "license": "MIT",
            "dependencies": {
                "callsite": "^1.0.0"
            },
            "devDependencies": {
                "@types/callsite": "^1.0.31",
                "typescript": "^4.9.5"
            }
        },
        "node_modules/@types/callsite": {
            "version": "1.0.31",
            "resolved": "https://registry.npmjs.org/@types/callsite/-/callsite-1.0.31.tgz",
            "integrity": "sha512-jrKmIHhuZVGUpOR1s4TgY9BTt/Eh9CFCjHVZ2FsrKmHSo3J/vpl6EpK08SfMLrX2IY1ZEFA+BPRTJQGg4xIHsA==",
            "dev": true
        },
        "node_modules/callsite": {
            "version": "1.0.0",
            "resolved": "https://registry.npmjs.org/callsite/-/callsite-1.0.0.tgz",
            "integrity": "sha512-0vdNRFXn5q+dtOqjfFtmtlI9N2eVZ7LMyEV2iKC5mEEFvSg/69Ml6b/WU2qF8W1nLRa0wiSrDT3Y5jOHZCwKPQ==",
            "engines": {
                "node": "*"
            }
        },
        "node_modules/typescript": {
            "version": "4.9.5",
            "resolved": "https://registry.npmjs.org/typescript/-/typescript-4.9.5.tgz",
            "integrity": "sha512-1FXk9E2Hm+QzZQ7z+McJiHL4NW1F2EzMu9Nq9i3zAaGqibafqYwCVU6WyWAuyQRRzOlxou8xZSyXLEN8oKj24g==",
            "dev": true,
            "bin": {
                "tsc": "bin/tsc",
                "tsserver": "bin/tsserver"
            },
            "engines": {
                "node": ">=4.2.0"
            }
        }
    },
    "dependencies": {
        "@types/callsite": {
            "version": "1.0.31",
            "resolved": "https://registry.npmjs.org/@types/callsite/-/callsite-1.0.31.tgz",
            "integrity": "sha512-jrKmIHhuZVGUpOR1s4TgY9BTt/Eh9CFCjHVZ2FsrKmHSo3J/vpl6EpK08SfMLrX2IY1ZEFA+BPRTJQGg4xIHsA==",
            "dev": true
        },
        "callsite": {
            "version": "1.0.0",
            "resolved": "https://registry.npmjs.org/callsite/-/callsite-1.0.0.tgz",
            "integrity": "sha512-0vdNRFXn5q+dtOqjfFtmtlI9N2eVZ7LMyEV2iKC5mEEFvSg/69Ml6b/WU2qF8W1nLRa0wiSrDT3Y5jOHZCwKPQ=="
        },
        "typescript": {
            "version": "4.9.5",
            "resolved": "https://registry.npmjs.org/typescript/-/typescript-4.9.5.tgz",
            "integrity": "sha512-1FXk9E2Hm+QzZQ7z+McJiHL4NW1F2EzMu9Nq9i3zAaGqibafqYwCVU6WyWAuyQRRzOlxou8xZSyXLEN8oKj24g==",
            "dev": true
        }
    }
}
